// !$*UTF8*$!
{
	archiveVersion = 1;
	classes = {
	};
	objectVersion = 46;
	objects = {

/* Begin PBXBuildFile section */
		1A246ED41D2C3A42008C68DA /* main.m in Sources */ = {isa = PBXBuildFile; fileRef = 1A246ED31D2C3A42008C68DA /* main.m */; };
		1A246ED71D2C3A42008C68DA /* AppDelegate.m in Sources */ = {isa = PBXBuildFile; fileRef = 1A246ED61D2C3A42008C68DA /* AppDelegate.m */; };
		1A246EDA1D2C3A42008C68DA /* ViewController.m in Sources */ = {isa = PBXBuildFile; fileRef = 1A246ED91D2C3A42008C68DA /* ViewController.m */; };
		1A246EDD1D2C3A42008C68DA /* Main.storyboard in Resources */ = {isa = PBXBuildFile; fileRef = 1A246EDB1D2C3A42008C68DA /* Main.storyboard */; };
		1A246EDF1D2C3A42008C68DA /* Assets.xcassets in Resources */ = {isa = PBXBuildFile; fileRef = 1A246EDE1D2C3A42008C68DA /* Assets.xcassets */; };
		1A246EE21D2C3A42008C68DA /* LaunchScreen.storyboard in Resources */ = {isa = PBXBuildFile; fileRef = 1A246EE01D2C3A42008C68DA /* LaunchScreen.storyboard */; };
		1A246EEB1D2C3A6D008C68DA /* Person.m in Sources */ = {isa = PBXBuildFile; fileRef = 1A246EEA1D2C3A6D008C68DA /* Person.m */; };
		1A246EED1D2C3DD8008C68DA /* thumbsUp.jpg in Resources */ = {isa = PBXBuildFile; fileRef = 1A246EEC1D2C3DD7008C68DA /* thumbsUp.jpg */; };
		1A246EEF1D2C3E16008C68DA /* thumbsDown.png in Resources */ = {isa = PBXBuildFile; fileRef = 1A246EEE1D2C3E16008C68DA /* thumbsDown.png */; };
/* End PBXBuildFile section */

/* Begin PBXFileReference section */
		1A246ECF1D2C3A42008C68DA /* BMIandBMR.app */ = {isa = PBXFileReference; explicitFileType = wrapper.application; includeInIndex = 0; path = BMIandBMR.app; sourceTree = BUILT_PRODUCTS_DIR; };
		1A246ED31D2C3A42008C68DA /* main.m */ = {isa = PBXFileReference; lastKnownFileType = sourcecode.c.objc; path = main.m; sourceTree = "<group>"; };
		1A246ED51D2C3A42008C68DA /* AppDelegate.h */ = {isa = PBXFileReference; lastKnownFileType = sourcecode.c.h; path = AppDelegate.h; sourceTree = "<group>"; };
		1A246ED61D2C3A42008C68DA /* AppDelegate.m */ = {isa = PBXFileReference; lastKnownFileType = sourcecode.c.objc; path = AppDelegate.m; sourceTree = "<group>"; };
		1A246ED81D2C3A42008C68DA /* ViewController.h */ = {isa = PBXFileReference; lastKnownFileType = sourcecode.c.h; path = ViewController.h; sourceTree = "<group>"; };
		1A246ED91D2C3A42008C68DA /* ViewController.m */ = {isa = PBXFileReference; lastKnownFileType = sourcecode.c.objc; path = ViewController.m; sourceTree = "<group>"; };
		1A246EDC1D2C3A42008C68DA /* Base */ = {isa = PBXFileReference; lastKnownFileType = file.storyboard; name = Base; path = Base.lproj/Main.storyboard; sourceTree = "<group>"; };
		1A246EDE1D2C3A42008C68DA /* Assets.xcassets */ = {isa = PBXFileReference; lastKnownFileType = folder.assetcatalog; path = Assets.xcassets; sourceTree = "<group>"; };
		1A246EE11D2C3A42008C68DA /* Base */ = {isa = PBXFileReference; lastKnownFileType = file.storyboard; name = Base; path = Base.lproj/LaunchScreen.storyboard; sourceTree = "<group>"; };
		1A246EE31D2C3A42008C68DA /* Info.plist */ = {isa = PBXFileReference; lastKnownFileType = text.plist.xml; path = Info.plist; sourceTree = "<group>"; };
		1A246EE91D2C3A6D008C68DA /* Person.h */ = {isa = PBXFileReference; fileEncoding = 4; lastKnownFileType = sourcecode.c.h; path = Person.h; sourceTree = "<group>"; };
		1A246EEA1D2C3A6D008C68DA /* Person.m */ = {isa = PBXFileReference; fileEncoding = 4; lastKnownFileType = sourcecode.c.objc; path = Person.m; sourceTree = "<group>"; };
		1A246EEC1D2C3DD7008C68DA /* thumbsUp.jpg */ = {isa = PBXFileReference; lastKnownFileType = image.jpeg; name = thumbsUp.jpg; path = ../../../Desktop/thumbsUp.jpg; sourceTree = "<group>"; };
		1A246EEE1D2C3E16008C68DA /* thumbsDown.png */ = {isa = PBXFileReference; lastKnownFileType = image.png; name = thumbsDown.png; path = ../../../Desktop/thumbsDown.png; sourceTree = "<group>"; };
/* End PBXFileReference section */

/* Begin PBXFrameworksBuildPhase section */
		1A246ECC1D2C3A42008C68DA /* Frameworks */ = {
			isa = PBXFrameworksBuildPhase;
			buildActionMask = 2147483647;
			files = (
			);
			runOnlyForDeploymentPostprocessing = 0;
		};
/* End PBXFrameworksBuildPhase section */

/* Begin PBXGroup section */
		1A246EC61D2C3A42008C68DA = {
			isa = PBXGroup;
			children = (
				1A246ED11D2C3A42008C68DA /* BMIandBMR */,
				1A246ED01D2C3A42008C68DA /* Products */,
			);
			sourceTree = "<group>";
		};
		1A246ED01D2C3A42008C68DA /* Products */ = {
			isa = PBXGroup;
			children = (
				1A246ECF1D2C3A42008C68DA /* BMIandBMR.app */,
			);
			name = Products;
			sourceTree = "<group>";
		};
		1A246ED11D2C3A42008C68DA /* BMIandBMR */ = {
			isa = PBXGroup;
			children = (
				1A246ED51D2C3A42008C68DA /* AppDelegate.h */,
				1A246ED61D2C3A42008C68DA /* AppDelegate.m */,
				1A246ED81D2C3A42008C68DA /* ViewController.h */,
				1A246EE91D2C3A6D008C68DA /* Person.h */,
				1A246EEA1D2C3A6D008C68DA /* Person.m */,
				1A246ED91D2C3A42008C68DA /* ViewController.m */,
				1A246EEE1D2C3E16008C68DA /* thumbsDown.png */,
				1A246EEC1D2C3DD7008C68DA /* thumbsUp.jpg */,
				1A246EDB1D2C3A42008C68DA /* Main.storyboard */,
				1A246EDE1D2C3A42008C68DA /* Assets.xcassets */,
				1A246EE01D2C3A42008C68DA /* LaunchScreen.storyboard */,
				1A246EE31D2C3A42008C68DA /* Info.plist */,
				1A246ED21D2C3A42008C68DA /* Supporting Files */,
			);
			path = BMIandBMR;
			sourceTree = "<group>";
		};
		1A246ED21D2C3A42008C68DA /* Supporting Files */ = {
			isa = PBXGroup;
			children = (
				1A246ED31D2C3A42008C68DA /* main.m */,
			);
			name = "Supporting Files";
			sourceTree = "<group>";
		};
/* End PBXGroup section */

/* Begin PBXNativeTarget section */
		1A246ECE1D2C3A42008C68DA /* BMIandBMR */ = {
			isa = PBXNativeTarget;
			buildConfigurationList = 1A246EE61D2C3A42008C68DA /* Build configuration list for PBXNativeTarget "BMIandBMR" */;
			buildPhases = (
				1A246ECB1D2C3A42008C68DA /* Sources */,
				1A246ECC1D2C3A42008C68DA /* Frameworks */,
				1A246ECD1D2C3A42008C68DA /* Resources */,
			);
			buildRules = (
			);
			dependencies = (
			);
			name = BMIandBMR;
			productName = BMIandBMR;
			productReference = 1A246ECF1D2C3A42008C68DA /* BMIandBMR.app */;
			productType = "com.apple.product-type.application";
		};
/* End PBXNativeTarget section */

/* Begin PBXProject section */
		1A246EC71D2C3A42008C68DA /* Project object */ = {
			isa = PBXProject;
			attributes = {
				LastUpgradeCheck = 0730;
				ORGANIZATIONNAME = "Andrea Bolivar";
				TargetAttributes = {
					1A246ECE1D2C3A42008C68DA = {
						CreatedOnToolsVersion = 7.3.1;
					};
				};
			};
			buildConfigurationList = 1A246ECA1D2C3A42008C68DA /* Build configuration list for PBXProject "BMIandBMR" */;
			compatibilityVersion = "Xcode 3.2";
			developmentRegion = English;
			hasScannedForEncodings = 0;
			knownRegions = (
				en,
				Base,
			);
			mainGroup = 1A246EC61D2C3A42008C68DA;
			productRefGroup = 1A246ED01D2C3A42008C68DA /* Products */;
			projectDirPath = "";
			projectRoot = "";
			targets = (
				1A246ECE1D2C3A42008C68DA /* BMIandBMR */,
			);
		};
/* End PBXProject section */

/* Begin PBXResourcesBuildPhase section */
		1A246ECD1D2C3A42008C68DA /* Resources */ = {
			isa = PBXResourcesBuildPhase;
			buildActionMask = 2147483647;
			files = (
				1A246EE21D2C3A42008C68DA /* LaunchScreen.storyboard in Resources */,
				1A246EEF1D2C3E16008C68DA /* thumbsDown.png in Resources */,
				1A246EDF1D2C3A42008C68DA /* Assets.xcassets in Resources */,
				1A246EDD1D2C3A42008C68DA /* Main.storyboard in Resources */,
				1A246EED1D2C3DD8008C68DA /* thumbsUp.jpg in Resources */,
			);
			runOnlyForDeploymentPostprocessing = 0;
		};
/* End PBXResourcesBuildPhase section */

/* Begin PBXSourcesBuildPhase section */
		1A246ECB1D2C3A42008C68DA /* Sources */ = {
			isa = PBXSourcesBuildPhase;
			buildActionMask = 2147483647;
			files = (
				1A246EDA1D2C3A42008C68DA /* ViewController.m in Sources */,
				1A246ED71D2C3A42008C68DA /* AppDelegate.m in Sources */,
				1A246EEB1D2C3A6D008C68DA /* Person.m in Sources */,
				1A246ED41D2C3A42008C68DA /* main.m in Sources */,
			);
			runOnlyForDeploymentPostprocessing = 0;
		};
/* End PBXSourcesBuildPhase section */

/* Begin PBXVariantGroup section */
		1A246EDB1D2C3A42008C68DA /* Main.storyboard */ = {
			isa = PBXVariantGroup;
			children = (
				1A246EDC1D2C3A42008C68DA /* Base */,
			);
			name = Main.storyboard;
			sourceTree = "<group>";
		};
		1A246EE01D2C3A42008C68DA /* LaunchScreen.storyboard */ = {
			isa = PBXVariantGroup;
			children = (
				1A246EE11D2C3A42008C68DA /* Base */,
			);
			name = LaunchScreen.storyboard;
			sourceTree = "<group>";
		};
/* End PBXVariantGroup section */

/* Begin XCBuildConfiguration section */
		1A246EE41D2C3A42008C68DA /* Debug */ = {
			isa = XCBuildConfiguration;
			buildSettings = {
				ALWAYS_SEARCH_USER_PATHS = NO;
				CLANG_ANALYZER_NONNULL = YES;
				CLANG_CXX_LANGUAGE_STANDARD = "gnu++0x";
				CLANG_CXX_LIBRARY = "libc++";
				CLANG_ENABLE_MODULES = YES;
				CLANG_ENABLE_OBJC_ARC = YES;
				CLANG_WARN_BOOL_CONVERSION = YES;
				CLANG_WARN_CONSTANT_CONVERSION = YES;
				CLANG_WARN_DIRECT_OBJC_ISA_USAGE = YES_ERROR;
				CLANG_WARN_EMPTY_BODY = YES;
				CLANG_WARN_ENUM_CONVERSION = YES;
				CLANG_WARN_INT_CONVERSION = YES;
				CLANG_WARN_OBJC_ROOT_CLASS = YES_ERROR;
				CLANG_WARN_UNREACHABLE_CODE = YES;
				CLANG_WARN__DUPLICATE_METHOD_MATCH = YES;
				"CODE_SIGN_IDENTITY[sdk=iphoneos*]" = "iPhone Developer";
				COPY_PHASE_STRIP = NO;
				DEBUG_INFORMATION_FORMAT = dwarf;
				ENABLE_STRICT_OBJC_MSGSEND = YES;
				ENABLE_TESTABILITY = YES;
				GCC_C_LANGUAGE_STANDARD = gnu99;
				GCC_DYNAMIC_NO_PIC = NO;
				GCC_NO_COMMON_BLOCKS = YES;
				GCC_OPTIMIZATION_LEVEL = 0;
				GCC_PREPROCESSOR_DEFINITIONS = (
					"DEBUG=1",
					"$(inherited)",
				);
				GCC_WARN_64_TO_32_BIT_CONVERSION = YES;
				GCC_WARN_ABOUT_RETURN_TYPE = YES_ERROR;
				GCC_WARN_UNDECLARED_SELECTOR = YES;
				GCC_WARN_UNINITIALIZED_AUTOS = YES_AGGRESSIVE;
				GCC_WARN_UNUSED_FUNCTION = YES;
				GCC_WARN_UNUSED_VARIABLE = YES;
				IPHONEOS_DEPLOYMENT_TARGET = 9.3;
				MTL_ENABLE_DEBUG_INFO = YES;
				ONLY_ACTIVE_ARCH = YES;
				SDKROOT = iphoneos;
			};
			name = Debug;
		};
		1A246EE51D2C3A42008C68DA /* Release */ = {
			isa = XCBuildConfiguration;
			buildSettings = {
				ALWAYS_SEARCH_USER_PATHS = NO;
				CLANG_ANALYZER_NONNULL = YES;
				CLANG_CXX_LANGUAGE_STANDARD = "gnu++0x";
				CLANG_CXX_LIBRARY = "libc++";
				CLANG_ENABLE_MODULES = YES;
				CLANG_ENABLE_OBJC_ARC = YES;
				CLANG_WARN_BOOL_CONVERSION = YES;
				CLANG_WARN_CONSTANT_CONVERSION = YES;
				CLANG_WARN_DIRECT_OBJC_ISA_USAGE = YES_ERROR;
				CLANG_WARN_EMPTY_BODY = YES;
				CLANG_WARN_ENUM_CONVERSION = YES;
				CLANG_WARN_INT_CONVERSION = YES;
				CLANG_WARN_OBJC_ROOT_CLASS = YES_ERROR;
				CLANG_WARN_UNREACHABLE_CODE = YES;
				CLANG_WARN__DUPLICATE_METHOD_MATCH = YES;
				"CODE_SIGN_IDENTITY[sdk=iphoneos*]" = "iPhone Developer";
				COPY_PHASE_STRIP = NO;
				DEBUG_INFORMATION_FORMAT = "dwarf-with-dsym";
				ENABLE_NS_ASSERTIONS = NO;
				ENABLE_STRICT_OBJC_MSGSEND = YES;
				GCC_C_LANGUAGE_STANDARD = gnu99;
				GCC_NO_COMMON_BLOCKS = YES;
				GCC_WARN_64_TO_32_BIT_CONVERSION = YES;
				GCC_WARN_ABOUT_RETURN_TYPE = YES_ERROR;
				GCC_WARN_UNDECLARED_SELECTOR = YES;
				GCC_WARN_UNINITIALIZED_AUTOS = YES_AGGRESSIVE;
				GCC_WARN_UNUSED_FUNCTION = YES;
				GCC_WARN_UNUSED_VARIABLE = YES;
				IPHONEOS_DEPLOYMENT_TARGET = 9.3;
				MTL_ENABLE_DEBUG_INFO = NO;
				SDKROOT = iphoneos;
				VALIDATE_PRODUCT = YES;
			};
			name = Release;
		};
		1A246EE71D2C3A42008C68DA /* Debug */ = {
			isa = XCBuildConfiguration;
			buildSettings = {
				ASSETCATALOG_COMPILER_APPICON_NAME = AppIcon;
				INFOPLIST_FILE = BMIandBMR/Info.plist;
				LD_RUNPATH_SEARCH_PATHS = "$(inherited) @executable_path/Frameworks";
				PRODUCT_BUNDLE_IDENTIFIER = com.AndreaAB.BMIandBMR;
				PRODUCT_NAME = "$(TARGET_NAME)";
			};
			name = Debug;
		};
		1A246EE81D2C3A42008C68DA /* Release */ = {
			isa = XCBuildConfiguration;
			buildSettings = {
				ASSETCATALOG_COMPILER_APPICON_NAME = AppIcon;
				INFOPLIST_FILE = BMIandBMR/Info.plist;
				LD_RUNPATH_SEARCH_PATHS = "$(inherited) @executable_path/Frameworks";
				PRODUCT_BUNDLE_IDENTIFIER = com.AndreaAB.BMIandBMR;
				PRODUCT_NAME = "$(TARGET_NAME)";
			};
			name = Release;
		};
/* End XCBuildConfiguration section */

/* Begin XCConfigurationList section */
		1A246ECA1D2C3A42008C68DA /* Build configuration list for PBXProject "BMIandBMR" */ = {
			isa = XCConfigurationList;
			buildConfigurations = (
				1A246EE41D2C3A42008C68DA /* Debug */,
				1A246EE51D2C3A42008C68DA /* Release */,
			);
			defaultConfigurationIsVisible = 0;
			defaultConfigurationName = Release;
		};
		1A246EE61D2C3A42008C68DA /* Build configuration list for PBXNativeTarget "BMIandBMR" */ = {
			isa = XCConfigurationList;
			buildConfigurations = (
				1A246EE71D2C3A42008C68DA /* Debug */,
				1A246EE81D2C3A42008C68DA /* Release */,
			);
			defaultConfigurationIsVisible = 0;
		};
/* End XCConfigurationList section */
	};
	rootObject = 1A246EC71D2C3A42008C68DA /* Project object */;
}
